// !$*UTF8*$!
{
	archiveVersion = 1;
	classes = {
	};
	objectVersion = 50;
	objects = {

/* Begin PBXBuildFile section */
		91C6713625A4282500F47649 /* FinalApp.swift in Sources */ = {isa = PBXBuildFile; fileRef = 91C6713525A4282500F47649 /* FinalApp.swift */; };
		91C6713825A4282500F47649 /* ContentView.swift in Sources */ = {isa = PBXBuildFile; fileRef = 91C6713725A4282500F47649 /* ContentView.swift */; };
		91C6713A25A4282700F47649 /* Assets.xcassets in Resources */ = {isa = PBXBuildFile; fileRef = 91C6713925A4282700F47649 /* Assets.xcassets */; };
		91C6713D25A4282700F47649 /* Preview Assets.xcassets in Resources */ = {isa = PBXBuildFile; fileRef = 91C6713C25A4282700F47649 /* Preview Assets.xcassets */; };
		91C6713F25A4282700F47649 /* Persistence.swift in Sources */ = {isa = PBXBuildFile; fileRef = 91C6713E25A4282700F47649 /* Persistence.swift */; };
		91C6714225A4282700F47649 /* Final.xcdatamodeld in Sources */ = {isa = PBXBuildFile; fileRef = 91C6714025A4282700F47649 /* Final.xcdatamodeld */; };
		91C6714D25A4282700F47649 /* FinalTests.swift in Sources */ = {isa = PBXBuildFile; fileRef = 91C6714C25A4282700F47649 /* FinalTests.swift */; };
		91C6715825A4282700F47649 /* FinalUITests.swift in Sources */ = {isa = PBXBuildFile; fileRef = 91C6715725A4282700F47649 /* FinalUITests.swift */; };
/* End PBXBuildFile section */

/* Begin PBXContainerItemProxy section */
		91C6714925A4282700F47649 /* PBXContainerItemProxy */ = {
			isa = PBXContainerItemProxy;
			containerPortal = 91C6712A25A4282500F47649 /* Project object */;
			proxyType = 1;
			remoteGlobalIDString = 91C6713125A4282500F47649;
			remoteInfo = Final;
		};
		91C6715425A4282700F47649 /* PBXContainerItemProxy */ = {
			isa = PBXContainerItemProxy;
			containerPortal = 91C6712A25A4282500F47649 /* Project object */;
			proxyType = 1;
			remoteGlobalIDString = 91C6713125A4282500F47649;
			remoteInfo = Final;
		};
/* End PBXContainerItemProxy section */

/* Begin PBXFileReference section */
		91C6713225A4282500F47649 /* Final.app */ = {isa = PBXFileReference; explicitFileType = wrapper.application; includeInIndex = 0; path = Final.app; sourceTree = BUILT_PRODUCTS_DIR; };
		91C6713525A4282500F47649 /* FinalApp.swift */ = {isa = PBXFileReference; lastKnownFileType = sourcecode.swift; path = FinalApp.swift; sourceTree = "<group>"; };
		91C6713725A4282500F47649 /* ContentView.swift */ = {isa = PBXFileReference; lastKnownFileType = sourcecode.swift; path = ContentView.swift; sourceTree = "<group>"; };
		91C6713925A4282700F47649 /* Assets.xcassets */ = {isa = PBXFileReference; lastKnownFileType = folder.assetcatalog; path = Assets.xcassets; sourceTree = "<group>"; };
		91C6713C25A4282700F47649 /* Preview Assets.xcassets */ = {isa = PBXFileReference; lastKnownFileType = folder.assetcatalog; path = "Preview Assets.xcassets"; sourceTree = "<group>"; };
		91C6713E25A4282700F47649 /* Persistence.swift */ = {isa = PBXFileReference; lastKnownFileType = sourcecode.swift; path = Persistence.swift; sourceTree = "<group>"; };
		91C6714125A4282700F47649 /* Final.xcdatamodel */ = {isa = PBXFileReference; lastKnownFileType = wrapper.xcdatamodel; path = Final.xcdatamodel; sourceTree = "<group>"; };
		91C6714325A4282700F47649 /* Info.plist */ = {isa = PBXFileReference; lastKnownFileType = text.plist.xml; path = Info.plist; sourceTree = "<group>"; };
		91C6714825A4282700F47649 /* FinalTests.xctest */ = {isa = PBXFileReference; explicitFileType = wrapper.cfbundle; includeInIndex = 0; path = FinalTests.xctest; sourceTree = BUILT_PRODUCTS_DIR; };
		91C6714C25A4282700F47649 /* FinalTests.swift */ = {isa = PBXFileReference; lastKnownFileType = sourcecode.swift; path = FinalTests.swift; sourceTree = "<group>"; };
		91C6714E25A4282700F47649 /* Info.plist */ = {isa = PBXFileReference; lastKnownFileType = text.plist.xml; path = Info.plist; sourceTree = "<group>"; };
		91C6715325A4282700F47649 /* FinalUITests.xctest */ = {isa = PBXFileReference; explicitFileType = wrapper.cfbundle; includeInIndex = 0; path = FinalUITests.xctest; sourceTree = BUILT_PRODUCTS_DIR; };
		91C6715725A4282700F47649 /* FinalUITests.swift */ = {isa = PBXFileReference; lastKnownFileType = sourcecode.swift; path = FinalUITests.swift; sourceTree = "<group>"; };
		91C6715925A4282700F47649 /* Info.plist */ = {isa = PBXFileReference; lastKnownFileType = text.plist.xml; path = Info.plist; sourceTree = "<group>"; };
/* End PBXFileReference section */

/* Begin PBXFrameworksBuildPhase section */
		91C6712F25A4282500F47649 /* Frameworks */ = {
			isa = PBXFrameworksBuildPhase;
			buildActionMask = 2147483647;
			files = (
			);
			runOnlyForDeploymentPostprocessing = 0;
		};
		91C6714525A4282700F47649 /* Frameworks */ = {
			isa = PBXFrameworksBuildPhase;
			buildActionMask = 2147483647;
			files = (
			);
			runOnlyForDeploymentPostprocessing = 0;
		};
		91C6715025A4282700F47649 /* Frameworks */ = {
			isa = PBXFrameworksBuildPhase;
			buildActionMask = 2147483647;
			files = (
			);
			runOnlyForDeploymentPostprocessing = 0;
		};
/* End PBXFrameworksBuildPhase section */

/* Begin PBXGroup section */
		91C6712925A4282500F47649 = {
			isa = PBXGroup;
			children = (
				91C6713425A4282500F47649 /* Final */,
				91C6714B25A4282700F47649 /* FinalTests */,
				91C6715625A4282700F47649 /* FinalUITests */,
				91C6713325A4282500F47649 /* Products */,
			);
			sourceTree = "<group>";
		};
		91C6713325A4282500F47649 /* Products */ = {
			isa = PBXGroup;
			children = (
				91C6713225A4282500F47649 /* Final.app */,
				91C6714825A4282700F47649 /* FinalTests.xctest */,
				91C6715325A4282700F47649 /* FinalUITests.xctest */,
			);
			name = Products;
			sourceTree = "<group>";
		};
		91C6713425A4282500F47649 /* Final */ = {
			isa = PBXGroup;
			children = (
				91C6713525A4282500F47649 /* FinalApp.swift */,
				91C6713725A4282500F47649 /* ContentView.swift */,
				91C6713925A4282700F47649 /* Assets.xcassets */,
				91C6713E25A4282700F47649 /* Persistence.swift */,
				91C6714325A4282700F47649 /* Info.plist */,
				91C6714025A4282700F47649 /* Final.xcdatamodeld */,
				91C6713B25A4282700F47649 /* Preview Content */,
			);
			path = Final;
			sourceTree = "<group>";
		};
		91C6713B25A4282700F47649 /* Preview Content */ = {
			isa = PBXGroup;
			children = (
				91C6713C25A4282700F47649 /* Preview Assets.xcassets */,
			);
			path = "Preview Content";
			sourceTree = "<group>";
		};
		91C6714B25A4282700F47649 /* FinalTests */ = {
			isa = PBXGroup;
			children = (
				91C6714C25A4282700F47649 /* FinalTests.swift */,
				91C6714E25A4282700F47649 /* Info.plist */,
			);
			path = FinalTests;
			sourceTree = "<group>";
		};
		91C6715625A4282700F47649 /* FinalUITests */ = {
			isa = PBXGroup;
			children = (
				91C6715725A4282700F47649 /* FinalUITests.swift */,
				91C6715925A4282700F47649 /* Info.plist */,
			);
			path = FinalUITests;
			sourceTree = "<group>";
		};
/* End PBXGroup section */

/* Begin PBXNativeTarget section */
		91C6713125A4282500F47649 /* Final */ = {
			isa = PBXNativeTarget;
			buildConfigurationList = 91C6715C25A4282700F47649 /* Build configuration list for PBXNativeTarget "Final" */;
			buildPhases = (
				91C6712E25A4282500F47649 /* Sources */,
				91C6712F25A4282500F47649 /* Frameworks */,
				91C6713025A4282500F47649 /* Resources */,
			);
			buildRules = (
			);
			dependencies = (
			);
			name = Final;
			productName = Final;
			productReference = 91C6713225A4282500F47649 /* Final.app */;
			productType = "com.apple.product-type.application";
		};
		91C6714725A4282700F47649 /* FinalTests */ = {
			isa = PBXNativeTarget;
			buildConfigurationList = 91C6715F25A4282700F47649 /* Build configuration list for PBXNativeTarget "FinalTests" */;
			buildPhases = (
				91C6714425A4282700F47649 /* Sources */,
				91C6714525A4282700F47649 /* Frameworks */,
				91C6714625A4282700F47649 /* Resources */,
			);
			buildRules = (
			);
			dependencies = (
				91C6714A25A4282700F47649 /* PBXTargetDependency */,
			);
			name = FinalTests;
			productName = FinalTests;
			productReference = 91C6714825A4282700F47649 /* FinalTests.xctest */;
			productType = "com.apple.product-type.bundle.unit-test";
		};
		91C6715225A4282700F47649 /* FinalUITests */ = {
			isa = PBXNativeTarget;
			buildConfigurationList = 91C6716225A4282700F47649 /* Build configuration list for PBXNativeTarget "FinalUITests" */;
			buildPhases = (
				91C6714F25A4282700F47649 /* Sources */,
				91C6715025A4282700F47649 /* Frameworks */,
				91C6715125A4282700F47649 /* Resources */,
			);
			buildRules = (
			);
			dependencies = (
				91C6715525A4282700F47649 /* PBXTargetDependency */,
			);
			name = FinalUITests;
			productName = FinalUITests;
			productReference = 91C6715325A4282700F47649 /* FinalUITests.xctest */;
			productType = "com.apple.product-type.bundle.ui-testing";
		};
/* End PBXNativeTarget section */

/* Begin PBXProject section */
		91C6712A25A4282500F47649 /* Project object */ = {
			isa = PBXProject;
			attributes = {
				LastSwiftUpdateCheck = 1230;
				LastUpgradeCheck = 1230;
				TargetAttributes = {
					91C6713125A4282500F47649 = {
						CreatedOnToolsVersion = 12.3;
					};
					91C6714725A4282700F47649 = {
						CreatedOnToolsVersion = 12.3;
						TestTargetID = 91C6713125A4282500F47649;
					};
					91C6715225A4282700F47649 = {
						CreatedOnToolsVersion = 12.3;
						TestTargetID = 91C6713125A4282500F47649;
					};
				};
			};
			buildConfigurationList = 91C6712D25A4282500F47649 /* Build configuration list for PBXProject "Final" */;
			compatibilityVersion = "Xcode 9.3";
			developmentRegion = en;
			hasScannedForEncodings = 0;
			knownRegions = (
				en,
				Base,
			);
			mainGroup = 91C6712925A4282500F47649;
			productRefGroup = 91C6713325A4282500F47649 /* Products */;
			projectDirPath = "";
			projectRoot = "";
			targets = (
				91C6713125A4282500F47649 /* Final */,
				91C6714725A4282700F47649 /* FinalTests */,
				91C6715225A4282700F47649 /* FinalUITests */,
			);
		};
/* End PBXProject section */

/* Begin PBXResourcesBuildPhase section */
		91C6713025A4282500F47649 /* Resources */ = {
			isa = PBXResourcesBuildPhase;
			buildActionMask = 2147483647;
			files = (
				91C6713D25A4282700F47649 /* Preview Assets.xcassets in Resources */,
				91C6713A25A4282700F47649 /* Assets.xcassets in Resources */,
			);
			runOnlyForDeploymentPostprocessing = 0;
		};
		91C6714625A4282700F47649 /* Resources */ = {
			isa = PBXResourcesBuildPhase;
			buildActionMask = 2147483647;
			files = (
			);
			runOnlyForDeploymentPostprocessing = 0;
		};
		91C6715125A4282700F47649 /* Resources */ = {
			isa = PBXResourcesBuildPhase;
			buildActionMask = 2147483647;
			files = (
			);
			runOnlyForDeploymentPostprocessing = 0;
		};
/* End PBXResourcesBuildPhase section */

/* Begin PBXSourcesBuildPhase section */
		91C6712E25A4282500F47649 /* Sources */ = {
			isa = PBXSourcesBuildPhase;
			buildActionMask = 2147483647;
			files = (
				91C6714225A4282700F47649 /* Final.xcdatamodeld in Sources */,
				91C6713F25A4282700F47649 /* Persistence.swift in Sources */,
				91C6713825A4282500F47649 /* ContentView.swift in Sources */,
				91C6713625A4282500F47649 /* FinalApp.swift in Sources */,
			);
			runOnlyForDeploymentPostprocessing = 0;
		};
		91C6714425A4282700F47649 /* Sources */ = {
			isa = PBXSourcesBuildPhase;
			buildActionMask = 2147483647;
			files = (
				91C6714D25A4282700F47649 /* FinalTests.swift in Sources */,
			);
			runOnlyForDeploymentPostprocessing = 0;
		};
		91C6714F25A4282700F47649 /* Sources */ = {
			isa = PBXSourcesBuildPhase;
			buildActionMask = 2147483647;
			files = (
				91C6715825A4282700F47649 /* FinalUITests.swift in Sources */,
			);
			runOnlyForDeploymentPostprocessing = 0;
		};
/* End PBXSourcesBuildPhase section */

/* Begin PBXTargetDependency section */
		91C6714A25A4282700F47649 /* PBXTargetDependency */ = {
			isa = PBXTargetDependency;
			target = 91C6713125A4282500F47649 /* Final */;
			targetProxy = 91C6714925A4282700F47649 /* PBXContainerItemProxy */;
		};
		91C6715525A4282700F47649 /* PBXTargetDependency */ = {
			isa = PBXTargetDependency;
			target = 91C6713125A4282500F47649 /* Final */;
			targetProxy = 91C6715425A4282700F47649 /* PBXContainerItemProxy */;
		};
/* End PBXTargetDependency section */

/* Begin XCBuildConfiguration section */
		91C6715A25A4282700F47649 /* Debug */ = {
			isa = XCBuildConfiguration;
			buildSettings = {
				ALWAYS_SEARCH_USER_PATHS = NO;
				CLANG_ANALYZER_NONNULL = YES;
				CLANG_ANALYZER_NUMBER_OBJECT_CONVERSION = YES_AGGRESSIVE;
				CLANG_CXX_LANGUAGE_STANDARD = "gnu++14";
				CLANG_CXX_LIBRARY = "libc++";
				CLANG_ENABLE_MODULES = YES;
				CLANG_ENABLE_OBJC_ARC = YES;
				CLANG_ENABLE_OBJC_WEAK = YES;
				CLANG_WARN_BLOCK_CAPTURE_AUTORELEASING = YES;
				CLANG_WARN_BOOL_CONVERSION = YES;
				CLANG_WARN_COMMA = YES;
				CLANG_WARN_CONSTANT_CONVERSION = YES;
				CLANG_WARN_DEPRECATED_OBJC_IMPLEMENTATIONS = YES;
				CLANG_WARN_DIRECT_OBJC_ISA_USAGE = YES_ERROR;
				CLANG_WARN_DOCUMENTATION_COMMENTS = YES;
				CLANG_WARN_EMPTY_BODY = YES;
				CLANG_WARN_ENUM_CONVERSION = YES;
				CLANG_WARN_INFINITE_RECURSION = YES;
				CLANG_WARN_INT_CONVERSION = YES;
				CLANG_WARN_NON_LITERAL_NULL_CONVERSION = YES;
				CLANG_WARN_OBJC_IMPLICIT_RETAIN_SELF = YES;
				CLANG_WARN_OBJC_LITERAL_CONVERSION = YES;
				CLANG_WARN_OBJC_ROOT_CLASS = YES_ERROR;
				CLANG_WARN_QUOTED_INCLUDE_IN_FRAMEWORK_HEADER = YES;
				CLANG_WARN_RANGE_LOOP_ANALYSIS = YES;
				CLANG_WARN_STRICT_PROTOTYPES = YES;
				CLANG_WARN_SUSPICIOUS_MOVE = YES;
				CLANG_WARN_UNGUARDED_AVAILABILITY = YES_AGGRESSIVE;
				CLANG_WARN_UNREACHABLE_CODE = YES;
				CLANG_WARN__DUPLICATE_METHOD_MATCH = YES;
				COPY_PHASE_STRIP = NO;
				DEBUG_INFORMATION_FORMAT = dwarf;
				ENABLE_STRICT_OBJC_MSGSEND = YES;
				ENABLE_TESTABILITY = YES;
				GCC_C_LANGUAGE_STANDARD = gnu11;
				GCC_DYNAMIC_NO_PIC = NO;
				GCC_NO_COMMON_BLOCKS = YES;
				GCC_OPTIMIZATION_LEVEL = 0;
				GCC_PREPROCESSOR_DEFINITIONS = (
					"DEBUG=1",
					"$(inherited)",
				);
				GCC_WARN_64_TO_32_BIT_CONVERSION = YES;
				GCC_WARN_ABOUT_RETURN_TYPE = YES_ERROR;
				GCC_WARN_UNDECLARED_SELECTOR = YES;
				GCC_WARN_UNINITIALIZED_AUTOS = YES_AGGRESSIVE;
				GCC_WARN_UNUSED_FUNCTION = YES;
				GCC_WARN_UNUSED_VARIABLE = YES;
				IPHONEOS_DEPLOYMENT_TARGET = 14.3;
				MTL_ENABLE_DEBUG_INFO = INCLUDE_SOURCE;
				MTL_FAST_MATH = YES;
				ONLY_ACTIVE_ARCH = YES;
				SDKROOT = iphoneos;
				SWIFT_ACTIVE_COMPILATION_CONDITIONS = DEBUG;
				SWIFT_OPTIMIZATION_LEVEL = "-Onone";
			};
			name = Debug;
		};
		91C6715B25A4282700F47649 /* Release */ = {
			isa = XCBuildConfiguration;
			buildSettings = {
				ALWAYS_SEARCH_USER_PATHS = NO;
				CLANG_ANALYZER_NONNULL = YES;
				CLANG_ANALYZER_NUMBER_OBJECT_CONVERSION = YES_AGGRESSIVE;
				CLANG_CXX_LANGUAGE_STANDARD = "gnu++14";
				CLANG_CXX_LIBRARY = "libc++";
				CLANG_ENABLE_MODULES = YES;
				CLANG_ENABLE_OBJC_ARC = YES;
				CLANG_ENABLE_OBJC_WEAK = YES;
				CLANG_WARN_BLOCK_CAPTURE_AUTORELEASING = YES;
				CLANG_WARN_BOOL_CONVERSION = YES;
				CLANG_WARN_COMMA = YES;
				CLANG_WARN_CONSTANT_CONVERSION = YES;
				CLANG_WARN_DEPRECATED_OBJC_IMPLEMENTATIONS = YES;
				CLANG_WARN_DIRECT_OBJC_ISA_USAGE = YES_ERROR;
				CLANG_WARN_DOCUMENTATION_COMMENTS = YES;
				CLANG_WARN_EMPTY_BODY = YES;
				CLANG_WARN_ENUM_CONVERSION = YES;
				CLANG_WARN_INFINITE_RECURSION = YES;
				CLANG_WARN_INT_CONVERSION = YES;
				CLANG_WARN_NON_LITERAL_NULL_CONVERSION = YES;
				CLANG_WARN_OBJC_IMPLICIT_RETAIN_SELF = YES;
				CLANG_WARN_OBJC_LITERAL_CONVERSION = YES;
				CLANG_WARN_OBJC_ROOT_CLASS = YES_ERROR;
				CLANG_WARN_QUOTED_INCLUDE_IN_FRAMEWORK_HEADER = YES;
				CLANG_WARN_RANGE_LOOP_ANALYSIS = YES;
				CLANG_WARN_STRICT_PROTOTYPES = YES;
				CLANG_WARN_SUSPICIOUS_MOVE = YES;
				CLANG_WARN_UNGUARDED_AVAILABILITY = YES_AGGRESSIVE;
				CLANG_WARN_UNREACHABLE_CODE = YES;
				CLANG_WARN__DUPLICATE_METHOD_MATCH = YES;
				COPY_PHASE_STRIP = NO;
				DEBUG_INFORMATION_FORMAT = "dwarf-with-dsym";
				ENABLE_NS_ASSERTIONS = NO;
				ENABLE_STRICT_OBJC_MSGSEND = YES;
				GCC_C_LANGUAGE_STANDARD = gnu11;
				GCC_NO_COMMON_BLOCKS = YES;
				GCC_WARN_64_TO_32_BIT_CONVERSION = YES;
				GCC_WARN_ABOUT_RETURN_TYPE = YES_ERROR;
				GCC_WARN_UNDECLARED_SELECTOR = YES;
				GCC_WARN_UNINITIALIZED_AUTOS = YES_AGGRESSIVE;
				GCC_WARN_UNUSED_FUNCTION = YES;
				GCC_WARN_UNUSED_VARIABLE = YES;
				IPHONEOS_DEPLOYMENT_TARGET = 14.3;
				MTL_ENABLE_DEBUG_INFO = NO;
				MTL_FAST_MATH = YES;
				SDKROOT = iphoneos;
				SWIFT_COMPILATION_MODE = wholemodule;
				SWIFT_OPTIMIZATION_LEVEL = "-O";
				VALIDATE_PRODUCT = YES;
			};
			name = Release;
		};
		91C6715D25A4282700F47649 /* Debug */ = {
			isa = XCBuildConfiguration;
			buildSettings = {
				ASSETCATALOG_COMPILER_APPICON_NAME = AppIcon;
				ASSETCATALOG_COMPILER_GLOBAL_ACCENT_COLOR_NAME = AccentColor;
				CODE_SIGN_STYLE = Automatic;
				DEVELOPMENT_ASSET_PATHS = "\"Final/Preview Content\"";
				DEVELOPMENT_TEAM = J9ZF4JANQ4;
				ENABLE_PREVIEWS = YES;
				INFOPLIST_FILE = Final/Info.plist;
				IPHONEOS_DEPLOYMENT_TARGET = 14.0;
				LD_RUNPATH_SEARCH_PATHS = (
					"$(inherited)",
					"@executable_path/Frameworks",
				);
				PRODUCT_BUNDLE_IDENTIFIER = rong1002.Final;
				PRODUCT_NAME = "$(TARGET_NAME)";
				SWIFT_VERSION = 5.0;
				TARGETED_DEVICE_FAMILY = "1,2";
			};
			name = Debug;
		};
		91C6715E25A4282700F47649 /* Release */ = {
			isa = XCBuildConfiguration;
			buildSettings = {
				ASSETCATALOG_COMPILER_APPICON_NAME = AppIcon;
				ASSETCATALOG_COMPILER_GLOBAL_ACCENT_COLOR_NAME = AccentColor;
				CODE_SIGN_STYLE = Automatic;
				DEVELOPMENT_ASSET_PATHS = "\"Final/Preview Content\"";
				DEVELOPMENT_TEAM = J9ZF4JANQ4;
				ENABLE_PREVIEWS = YES;
				INFOPLIST_FILE = Final/Info.plist;
				IPHONEOS_DEPLOYMENT_TARGET = 14.0;
				LD_RUNPATH_SEARCH_PATHS = (
					"$(inherited)",
					"@executable_path/Frameworks",
				);
				PRODUCT_BUNDLE_IDENTIFIER = rong1002.Final;
				PRODUCT_NAME = "$(TARGET_NAME)";
				SWIFT_VERSION = 5.0;
				TARGETED_DEVICE_FAMILY = "1,2";
			};
			name = Release;
		};
		91C6716025A4282700F47649 /* Debug */ = {
			isa = XCBuildConfiguration;
			buildSettings = {
				ALWAYS_EMBED_SWIFT_STANDARD_LIBRARIES = YES;
				BUNDLE_LOADER = "$(TEST_HOST)";
				CODE_SIGN_STYLE = Automatic;
				DEVELOPMENT_TEAM = J9ZF4JANQ4;
				INFOPLIST_FILE = FinalTests/Info.plist;
				IPHONEOS_DEPLOYMENT_TARGET = 14.0;
				LD_RUNPATH_SEARCH_PATHS = (
					"$(inherited)",
					"@executable_path/Frameworks",
					"@loader_path/Frameworks",
				);
				PRODUCT_BUNDLE_IDENTIFIER = rong1002.FinalTests;
				PRODUCT_NAME = "$(TARGET_NAME)";
				SWIFT_VERSION = 5.0;
				TARGETED_DEVICE_FAMILY = "1,2";
				TEST_HOST = "$(BUILT_PRODUCTS_DIR)/Final.app/Final";
			};
			name = Debug;
		};
		91C6716125A4282700F47649 /* Release */ = {
			isa = XCBuildConfiguration;
			buildSettings = {
				ALWAYS_EMBED_SWIFT_STANDARD_LIBRARIES = YES;
				BUNDLE_LOADER = "$(TEST_HOST)";
				CODE_SIGN_STYLE = Automatic;
				DEVELOPMENT_TEAM = J9ZF4JANQ4;
				INFOPLIST_FILE = FinalTests/Info.plist;
				IPHONEOS_DEPLOYMENT_TARGET = 14.0;
				LD_RUNPATH_SEARCH_PATHS = (
					"$(inherited)",
					"@executable_path/Frameworks",
					"@loader_path/Frameworks",
				);
				PRODUCT_BUNDLE_IDENTIFIER = rong1002.FinalTests;
				PRODUCT_NAME = "$(TARGET_NAME)";
				SWIFT_VERSION = 5.0;
				TARGETED_DEVICE_FAMILY = "1,2";
				TEST_HOST = "$(BUILT_PRODUCTS_DIR)/Final.app/Final";
			};
			name = Release;
		};
		91C6716325A4282700F47649 /* Debug */ = {
			isa = XCBuildConfiguration;
			buildSettings = {
				ALWAYS_EMBED_SWIFT_STANDARD_LIBRARIES = YES;
				CODE_SIGN_STYLE = Automatic;
				DEVELOPMENT_TEAM = J9ZF4JANQ4;
				INFOPLIST_FILE = FinalUITests/Info.plist;
				LD_RUNPATH_SEARCH_PATHS = (
					"$(inherited)",
					"@executable_path/Frameworks",
					"@loader_path/Frameworks",
				);
				PRODUCT_BUNDLE_IDENTIFIER = rong1002.FinalUITests;
				PRODUCT_NAME = "$(TARGET_NAME)";
				SWIFT_VERSION = 5.0;
				TARGETED_DEVICE_FAMILY = "1,2";
				TEST_TARGET_NAME = Final;
			};
			name = Debug;
		};
		91C6716425A4282700F47649 /* Release */ = {
			isa = XCBuildConfiguration;
			buildSettings = {
				ALWAYS_EMBED_SWIFT_STANDARD_LIBRARIES = YES;
				CODE_SIGN_STYLE = Automatic;
				DEVELOPMENT_TEAM = J9ZF4JANQ4;
				INFOPLIST_FILE = FinalUITests/Info.plist;
				LD_RUNPATH_SEARCH_PATHS = (
					"$(inherited)",
					"@executable_path/Frameworks",
					"@loader_path/Frameworks",
				);
				PRODUCT_BUNDLE_IDENTIFIER = rong1002.FinalUITests;
				PRODUCT_NAME = "$(TARGET_NAME)";
				SWIFT_VERSION = 5.0;
				TARGETED_DEVICE_FAMILY = "1,2";
				TEST_TARGET_NAME = Final;
			};
			name = Release;
		};
/* End XCBuildConfiguration section */

/* Begin XCConfigurationList section */
		91C6712D25A4282500F47649 /* Build configuration list for PBXProject "Final" */ = {
			isa = XCConfigurationList;
			buildConfigurations = (
				91C6715A25A4282700F47649 /* Debug */,
				91C6715B25A4282700F47649 /* Release */,
			);
			defaultConfigurationIsVisible = 0;
			defaultConfigurationName = Release;
		};
		91C6715C25A4282700F47649 /* Build configuration list for PBXNativeTarget "Final" */ = {
			isa = XCConfigurationList;
			buildConfigurations = (
				91C6715D25A4282700F47649 /* Debug */,
				91C6715E25A4282700F47649 /* Release */,
			);
			defaultConfigurationIsVisible = 0;
			defaultConfigurationName = Release;
		};
		91C6715F25A4282700F47649 /* Build configuration list for PBXNativeTarget "FinalTests" */ = {
			isa = XCConfigurationList;
			buildConfigurations = (
				91C6716025A4282700F47649 /* Debug */,
				91C6716125A4282700F47649 /* Release */,
			);
			defaultConfigurationIsVisible = 0;
			defaultConfigurationName = Release;
		};
		91C6716225A4282700F47649 /* Build configuration list for PBXNativeTarget "FinalUITests" */ = {
			isa = XCConfigurationList;
			buildConfigurations = (
				91C6716325A4282700F47649 /* Debug */,
				91C6716425A4282700F47649 /* Release */,
			);
			defaultConfigurationIsVisible = 0;
			defaultConfigurationName = Release;
		};
/* End XCConfigurationList section */

/* Begin XCVersionGroup section */
		91C6714025A4282700F47649 /* Final.xcdatamodeld */ = {
			isa = XCVersionGroup;
			children = (
				91C6714125A4282700F47649 /* Final.xcdatamodel */,
			);
			currentVersion = 91C6714125A4282700F47649 /* Final.xcdatamodel */;
			path = Final.xcdatamodeld;
			sourceTree = "<group>";
			versionGroupType = wrapper.xcdatamodel;
		};
/* End XCVersionGroup section */
	};
	rootObject = 91C6712A25A4282500F47649 /* Project object */;
}
